
Microsoft Visual Studio Solution File, Format Version 12.00
# Visual Studio Version 17
VisualStudioVersion = 17.9.34728.123
MinimumVisualStudioVersion = 10.0.40219.1
Project("{9A19103F-16F7-4668-BE54-9A1E7A4F7556}") = "UdemyObservability.ConsoleApp", "UdemyObservability.ConsoleApp\UdemyObservability.ConsoleApp.csproj", "{E4712FEE-55B8-4BDE-9EA1-3BDE17314ED8}"
EndProject
Project("{E53339B2-1760-4266-BCC7-CA923CBCF16C}") = "docker-compose", "docker-compose.dcproj", "{2DBFFCD9-E30D-4CF1-BD40-8FBDFD00B4F9}"
EndProject
Project("{FAE04EC0-301F-11D3-BF4B-00C04F79EFBC}") = "Order.API", "Order.API\Order.API.csproj", "{EE1F45FF-8220-4EE4-972C-891E26FF3979}"
EndProject
Project("{FAE04EC0-301F-11D3-BF4B-00C04F79EFBC}") = "OpenTelemetry.Shared", "OpenTelemetry.Shared\OpenTelemetry.Shared.csproj", "{EB298EED-8B73-4B76-9F89-866E4AD140FC}"
EndProject
Global
	GlobalSection(SolutionConfigurationPlatforms) = preSolution
		Debug|Any CPU = Debug|Any CPU
		Release|Any CPU = Release|Any CPU
	EndGlobalSection
	GlobalSection(ProjectConfigurationPlatforms) = postSolution
		{E4712FEE-55B8-4BDE-9EA1-3BDE17314ED8}.Debug|Any CPU.ActiveCfg = Debug|Any CPU
		{E4712FEE-55B8-4BDE-9EA1-3BDE17314ED8}.Debug|Any CPU.Build.0 = Debug|Any CPU
		{E4712FEE-55B8-4BDE-9EA1-3BDE17314ED8}.Release|Any CPU.ActiveCfg = Release|Any CPU
		{E4712FEE-55B8-4BDE-9EA1-3BDE17314ED8}.Release|Any CPU.Build.0 = Release|Any CPU
		{2DBFFCD9-E30D-4CF1-BD40-8FBDFD00B4F9}.Debug|Any CPU.ActiveCfg = Debug|Any CPU
		{2DBFFCD9-E30D-4CF1-BD40-8FBDFD00B4F9}.Debug|Any CPU.Build.0 = Debug|Any CPU
		{2DBFFCD9-E30D-4CF1-BD40-8FBDFD00B4F9}.Release|Any CPU.ActiveCfg = Release|Any CPU
		{2DBFFCD9-E30D-4CF1-BD40-8FBDFD00B4F9}.Release|Any CPU.Build.0 = Release|Any CPU
		{EE1F45FF-8220-4EE4-972C-891E26FF3979}.Debug|Any CPU.ActiveCfg = Debug|Any CPU
		{EE1F45FF-8220-4EE4-972C-891E26FF3979}.Debug|Any CPU.Build.0 = Debug|Any CPU
		{EE1F45FF-8220-4EE4-972C-891E26FF3979}.Release|Any CPU.ActiveCfg = Release|Any CPU
		{EE1F45FF-8220-4EE4-972C-891E26FF3979}.Release|Any CPU.Build.0 = Release|Any CPU
		{EB298EED-8B73-4B76-9F89-866E4AD140FC}.Debug|Any CPU.ActiveCfg = Debug|Any CPU
		{EB298EED-8B73-4B76-9F89-866E4AD140FC}.Debug|Any CPU.Build.0 = Debug|Any CPU
		{EB298EED-8B73-4B76-9F89-866E4AD140FC}.Release|Any CPU.ActiveCfg = Release|Any CPU
		{EB298EED-8B73-4B76-9F89-866E4AD140FC}.Release|Any CPU.Build.0 = Release|Any CPU
	EndGlobalSection
	GlobalSection(SolutionProperties) = preSolution
		HideSolutionNode = FALSE
	EndGlobalSection
	GlobalSection(ExtensibilityGlobals) = postSolution
		SolutionGuid = {F4C6A309-A11D-4735-8E66-19D73AC4EC44}
	EndGlobalSection
EndGlobal
